
Microsoft Visual Studio Solution File, Format Version 12.00
# Visual Studio 15
Project("{FAE04EC0-301F-11D3-BF4B-00C04F79EFBC}") = "Unity.Timeline", "Unity.Timeline.csproj", "{CADF7195-87C7-B10A-A75D-E2E1E2FEC698}"
EndProject
Project("{FAE04EC0-301F-11D3-BF4B-00C04F79EFBC}") = "Unity.Timeline.Editor", "Unity.Timeline.Editor.csproj", "{5BDC806F-6389-A933-842C-7F485CEAD246}"
EndProject
Project("{FAE04EC0-301F-11D3-BF4B-00C04F79EFBC}") = "Unity.TextMeshPro.Editor", "Unity.TextMeshPro.Editor.csproj", "{2B1CC45D-29B9-75D8-A6DF-ACD8AC9D1E9B}"
EndProject
Project("{FAE04EC0-301F-11D3-BF4B-00C04F79EFBC}") = "Unity.VisualScripting.Flow", "Unity.VisualScripting.Flow.csproj", "{D33AB340-5290-D439-E2E7-C3C7EEAA43AA}"
EndProject
Project("{FAE04EC0-301F-11D3-BF4B-00C04F79EFBC}") = "UnityEditor.UI", "UnityEditor.UI.csproj", "{037743CE-EC5B-A9AB-0557-A29A661633A4}"
EndProject
Project("{FAE04EC0-301F-11D3-BF4B-00C04F79EFBC}") = "Unity.PlasticSCM.Editor", "Unity.PlasticSCM.Editor.csproj", "{1303E54D-17AF-C174-4C70-9CC497C68CB1}"
EndProject
Project("{FAE04EC0-301F-11D3-BF4B-00C04F79EFBC}") = "Unity.VisualScripting.Core", "Unity.VisualScripting.Core.csproj", "{8AC7DA7A-E57A-85D7-D5BB-D0870D47A745}"
EndProject
Project("{FAE04EC0-301F-11D3-BF4B-00C04F79EFBC}") = "Unity.VisualScripting.Core.Editor", "Unity.VisualScripting.Core.Editor.csproj", "{C0900F61-61A4-3A12-6BEF-21460A2ADA4C}"
EndProject
Project("{FAE04EC0-301F-11D3-BF4B-00C04F79EFBC}") = "Unity.VisualScripting.Flow.Editor", "Unity.VisualScripting.Flow.Editor.csproj", "{BF18A913-E5F8-F009-1369-1AB74429BD86}"
EndProject
Project("{FAE04EC0-301F-11D3-BF4B-00C04F79EFBC}") = "UnityEditor.TestRunner", "UnityEditor.TestRunner.csproj", "{B1B14C81-2938-82FD-D459-A460775DDDEC}"
EndProject
Project("{FAE04EC0-301F-11D3-BF4B-00C04F79EFBC}") = "Unity.VisualScripting.SettingsProvider.Editor", "Unity.VisualScripting.SettingsProvider.Editor.csproj", "{229E94A5-DB1C-9522-297A-B90067CC9C76}"
EndProject
Project("{FAE04EC0-301F-11D3-BF4B-00C04F79EFBC}") = "UnityEngine.TestRunner", "UnityEngine.TestRunner.csproj", "{F448DA80-0779-729A-BB5E-AA0078FCED97}"
EndProject
Project("{FAE04EC0-301F-11D3-BF4B-00C04F79EFBC}") = "UnityEngine.UI", "UnityEngine.UI.csproj", "{DB7A7406-A0F6-4051-0039-AE4E7BDD60F4}"
EndProject
Project("{FAE04EC0-301F-11D3-BF4B-00C04F79EFBC}") = "Unity.VisualStudio.Editor", "Unity.VisualStudio.Editor.csproj", "{61608016-2164-4D99-01DC-97AFBEC26C49}"
EndProject
Project("{FAE04EC0-301F-11D3-BF4B-00C04F79EFBC}") = "Unity.TestTools.CodeCoverage.Editor.OpenCover.Model", "Unity.TestTools.CodeCoverage.Editor.OpenCover.Model.csproj", "{D540ADCA-5D28-16AA-E9F9-F0393CA7C93D}"
EndProject
Project("{FAE04EC0-301F-11D3-BF4B-00C04F79EFBC}") = "Unity.Rider.Editor", "Unity.Rider.Editor.csproj", "{4A2691EA-16F0-F3DC-8967-6B3E3B1974A6}"
EndProject
Project("{FAE04EC0-301F-11D3-BF4B-00C04F79EFBC}") = "Assembly-CSharp", "Assembly-CSharp.csproj", "{34A10158-3917-2695-B67A-0FD1D16D6350}"
EndProject
Project("{FAE04EC0-301F-11D3-BF4B-00C04F79EFBC}") = "Unity.VisualScripting.State.Editor", "Unity.VisualScripting.State.Editor.csproj", "{909F34A4-2558-57EC-02CF-E6B18B90A3FB}"
EndProject
Project("{FAE04EC0-301F-11D3-BF4B-00C04F79EFBC}") = "Unity.TestTools.CodeCoverage.Editor", "Unity.TestTools.CodeCoverage.Editor.csproj", "{8AAA5AFC-2400-F010-B6F0-5F47FC201BF2}"
EndProject
Project("{FAE04EC0-301F-11D3-BF4B-00C04F79EFBC}") = "Unity.VisualScripting.State", "Unity.VisualScripting.State.csproj", "{0DB2B9EF-8E99-4A0A-9C35-7FFA02598277}"
EndProject
Project("{FAE04EC0-301F-11D3-BF4B-00C04F79EFBC}") = "Unity.TextMeshPro", "Unity.TextMeshPro.csproj", "{8067A073-03A0-6938-75F2-8A02D9D928A3}"
EndProject
Project("{FAE04EC0-301F-11D3-BF4B-00C04F79EFBC}") = "Unity.Performance.Profile-Analyzer.Editor", "Unity.Performance.Profile-Analyzer.Editor.csproj", "{B9EB711B-D99A-398F-63E3-AFE18D66C46E}"
EndProject
Project("{FAE04EC0-301F-11D3-BF4B-00C04F79EFBC}") = "Unity.VSCode.Editor", "Unity.VSCode.Editor.csproj", "{C7DBABAE-A6B0-E643-65F9-9FCE588BAE15}"
EndProject
Project("{FAE04EC0-301F-11D3-BF4B-00C04F79EFBC}") = "Unity.TestTools.CodeCoverage.Editor.OpenCover.Mono.Reflection", "Unity.TestTools.CodeCoverage.Editor.OpenCover.Mono.Reflection.csproj", "{1E5A84A7-E1EB-3BBE-29E1-19D76393CE89}"
EndProject
Project("{FAE04EC0-301F-11D3-BF4B-00C04F79EFBC}") = "Unity.Settings.Editor", "Unity.Settings.Editor.csproj", "{DFE05F92-44BA-B78B-FCC6-CA2078D77C14}"
EndProject
Project("{FAE04EC0-301F-11D3-BF4B-00C04F79EFBC}") = "Unity.EditorCoroutines.Editor", "Unity.EditorCoroutines.Editor.csproj", "{2212ABF6-EE71-C482-58DA-7A93657DE233}"
EndProject
Project("{FAE04EC0-301F-11D3-BF4B-00C04F79EFBC}") = "Unity.VisualScripting.Shared.Editor", "Unity.VisualScripting.Shared.Editor.csproj", "{45296A21-7309-4002-9ED8-8669E3318F0F}"
EndProject
Project("{FAE04EC0-301F-11D3-BF4B-00C04F79EFBC}") = "Unity.CollabProxy.Editor", "Unity.CollabProxy.Editor.csproj", "{0F01A33A-B06E-2390-161F-353E2ACA6B97}"
EndProject
Global
	GlobalSection(SolutionConfigurationPlatforms) = preSolution
		Debug|Any CPU = Debug|Any CPU
		Release|Any CPU = Release|Any CPU
	EndGlobalSection
	GlobalSection(ProjectConfigurationPlatforms) = postSolution
		{CADF7195-87C7-B10A-A75D-E2E1E2FEC698}.Debug|Any CPU.ActiveCfg = Debug|Any CPU
		{CADF7195-87C7-B10A-A75D-E2E1E2FEC698}.Debug|Any CPU.Build.0 = Debug|Any CPU
		{CADF7195-87C7-B10A-A75D-E2E1E2FEC698}.Release|Any CPU.ActiveCfg = Release|Any CPU
		{CADF7195-87C7-B10A-A75D-E2E1E2FEC698}.Release|Any CPU.Build.0 = Release|Any CPU
		{5BDC806F-6389-A933-842C-7F485CEAD246}.Debug|Any CPU.ActiveCfg = Debug|Any CPU
		{5BDC806F-6389-A933-842C-7F485CEAD246}.Debug|Any CPU.Build.0 = Debug|Any CPU
		{5BDC806F-6389-A933-842C-7F485CEAD246}.Release|Any CPU.ActiveCfg = Release|Any CPU
		{5BDC806F-6389-A933-842C-7F485CEAD246}.Release|Any CPU.Build.0 = Release|Any CPU
		{2B1CC45D-29B9-75D8-A6DF-ACD8AC9D1E9B}.Debug|Any CPU.ActiveCfg = Debug|Any CPU
		{2B1CC45D-29B9-75D8-A6DF-ACD8AC9D1E9B}.Debug|Any CPU.Build.0 = Debug|Any CPU
		{2B1CC45D-29B9-75D8-A6DF-ACD8AC9D1E9B}.Release|Any CPU.ActiveCfg = Release|Any CPU
		{2B1CC45D-29B9-75D8-A6DF-ACD8AC9D1E9B}.Release|Any CPU.Build.0 = Release|Any CPU
		{D33AB340-5290-D439-E2E7-C3C7EEAA43AA}.Debug|Any CPU.ActiveCfg = Debug|Any CPU
		{D33AB340-5290-D439-E2E7-C3C7EEAA43AA}.Debug|Any CPU.Build.0 = Debug|Any CPU
		{D33AB340-5290-D439-E2E7-C3C7EEAA43AA}.Release|Any CPU.ActiveCfg = Release|Any CPU
		{D33AB340-5290-D439-E2E7-C3C7EEAA43AA}.Release|Any CPU.Build.0 = Release|Any CPU
		{037743CE-EC5B-A9AB-0557-A29A661633A4}.Debug|Any CPU.ActiveCfg = Debug|Any CPU
		{037743CE-EC5B-A9AB-0557-A29A661633A4}.Debug|Any CPU.Build.0 = Debug|Any CPU
		{037743CE-EC5B-A9AB-0557-A29A661633A4}.Release|Any CPU.ActiveCfg = Release|Any CPU
		{037743CE-EC5B-A9AB-0557-A29A661633A4}.Release|Any CPU.Build.0 = Release|Any CPU
		{1303E54D-17AF-C174-4C70-9CC497C68CB1}.Debug|Any CPU.ActiveCfg = Debug|Any CPU
		{1303E54D-17AF-C174-4C70-9CC497C68CB1}.Debug|Any CPU.Build.0 = Debug|Any CPU
		{1303E54D-17AF-C174-4C70-9CC497C68CB1}.Release|Any CPU.ActiveCfg = Release|Any CPU
		{1303E54D-17AF-C174-4C70-9CC497C68CB1}.Release|Any CPU.Build.0 = Release|Any CPU
		{8AC7DA7A-E57A-85D7-D5BB-D0870D47A745}.Debug|Any CPU.ActiveCfg = Debug|Any CPU
		{8AC7DA7A-E57A-85D7-D5BB-D0870D47A745}.Debug|Any CPU.Build.0 = Debug|Any CPU
		{8AC7DA7A-E57A-85D7-D5BB-D0870D47A745}.Release|Any CPU.ActiveCfg = Release|Any CPU
		{8AC7DA7A-E57A-85D7-D5BB-D0870D47A745}.Release|Any CPU.Build.0 = Release|Any CPU
		{C0900F61-61A4-3A12-6BEF-21460A2ADA4C}.Debug|Any CPU.ActiveCfg = Debug|Any CPU
		{C0900F61-61A4-3A12-6BEF-21460A2ADA4C}.Debug|Any CPU.Build.0 = Debug|Any CPU
		{C0900F61-61A4-3A12-6BEF-21460A2ADA4C}.Release|Any CPU.ActiveCfg = Release|Any CPU
		{C0900F61-61A4-3A12-6BEF-21460A2ADA4C}.Release|Any CPU.Build.0 = Release|Any CPU
		{BF18A913-E5F8-F009-1369-1AB74429BD86}.Debug|Any CPU.ActiveCfg = Debug|Any CPU
		{BF18A913-E5F8-F009-1369-1AB74429BD86}.Debug|Any CPU.Build.0 = Debug|Any CPU
		{BF18A913-E5F8-F009-1369-1AB74429BD86}.Release|Any CPU.ActiveCfg = Release|Any CPU
		{BF18A913-E5F8-F009-1369-1AB74429BD86}.Release|Any CPU.Build.0 = Release|Any CPU
		{B1B14C81-2938-82FD-D459-A460775DDDEC}.Debug|Any CPU.ActiveCfg = Debug|Any CPU
		{B1B14C81-2938-82FD-D459-A460775DDDEC}.Debug|Any CPU.Build.0 = Debug|Any CPU
		{B1B14C81-2938-82FD-D459-A460775DDDEC}.Release|Any CPU.ActiveCfg = Release|Any CPU
		{B1B14C81-2938-82FD-D459-A460775DDDEC}.Release|Any CPU.Build.0 = Release|Any CPU
		{229E94A5-DB1C-9522-297A-B90067CC9C76}.Debug|Any CPU.ActiveCfg = Debug|Any CPU
		{229E94A5-DB1C-9522-297A-B90067CC9C76}.Debug|Any CPU.Build.0 = Debug|Any CPU
		{229E94A5-DB1C-9522-297A-B90067CC9C76}.Release|Any CPU.ActiveCfg = Release|Any CPU
		{229E94A5-DB1C-9522-297A-B90067CC9C76}.Release|Any CPU.Build.0 = Release|Any CPU
		{F448DA80-0779-729A-BB5E-AA0078FCED97}.Debug|Any CPU.ActiveCfg = Debug|Any CPU
		{F448DA80-0779-729A-BB5E-AA0078FCED97}.Debug|Any CPU.Build.0 = Debug|Any CPU
		{F448DA80-0779-729A-BB5E-AA0078FCED97}.Release|Any CPU.ActiveCfg = Release|Any CPU
		{F448DA80-0779-729A-BB5E-AA0078FCED97}.Release|Any CPU.Build.0 = Release|Any CPU
		{DB7A7406-A0F6-4051-0039-AE4E7BDD60F4}.Debug|Any CPU.ActiveCfg = Debug|Any CPU
		{DB7A7406-A0F6-4051-0039-AE4E7BDD60F4}.Debug|Any CPU.Build.0 = Debug|Any CPU
		{DB7A7406-A0F6-4051-0039-AE4E7BDD60F4}.Release|Any CPU.ActiveCfg = Release|Any CPU
		{DB7A7406-A0F6-4051-0039-AE4E7BDD60F4}.Release|Any CPU.Build.0 = Release|Any CPU
		{61608016-2164-4D99-01DC-97AFBEC26C49}.Debug|Any CPU.ActiveCfg = Debug|Any CPU
		{61608016-2164-4D99-01DC-97AFBEC26C49}.Debug|Any CPU.Build.0 = Debug|Any CPU
		{61608016-2164-4D99-01DC-97AFBEC26C49}.Release|Any CPU.ActiveCfg = Release|Any CPU
		{61608016-2164-4D99-01DC-97AFBEC26C49}.Release|Any CPU.Build.0 = Release|Any CPU
		{D540ADCA-5D28-16AA-E9F9-F0393CA7C93D}.Debug|Any CPU.ActiveCfg = Debug|Any CPU
		{D540ADCA-5D28-16AA-E9F9-F0393CA7C93D}.Debug|Any CPU.Build.0 = Debug|Any CPU
		{D540ADCA-5D28-16AA-E9F9-F0393CA7C93D}.Release|Any CPU.ActiveCfg = Release|Any CPU
		{D540ADCA-5D28-16AA-E9F9-F0393CA7C93D}.Release|Any CPU.Build.0 = Release|Any CPU
		{4A2691EA-16F0-F3DC-8967-6B3E3B1974A6}.Debug|Any CPU.ActiveCfg = Debug|Any CPU
		{4A2691EA-16F0-F3DC-8967-6B3E3B1974A6}.Debug|Any CPU.Build.0 = Debug|Any CPU
		{4A2691EA-16F0-F3DC-8967-6B3E3B1974A6}.Release|Any CPU.ActiveCfg = Release|Any CPU
		{4A2691EA-16F0-F3DC-8967-6B3E3B1974A6}.Release|Any CPU.Build.0 = Release|Any CPU
		{34A10158-3917-2695-B67A-0FD1D16D6350}.Debug|Any CPU.ActiveCfg = Debug|Any CPU
		{34A10158-3917-2695-B67A-0FD1D16D6350}.Debug|Any CPU.Build.0 = Debug|Any CPU
		{34A10158-3917-2695-B67A-0FD1D16D6350}.Release|Any CPU.ActiveCfg = Release|Any CPU
		{34A10158-3917-2695-B67A-0FD1D16D6350}.Release|Any CPU.Build.0 = Release|Any CPU
		{909F34A4-2558-57EC-02CF-E6B18B90A3FB}.Debug|Any CPU.ActiveCfg = Debug|Any CPU
		{909F34A4-2558-57EC-02CF-E6B18B90A3FB}.Debug|Any CPU.Build.0 = Debug|Any CPU
		{909F34A4-2558-57EC-02CF-E6B18B90A3FB}.Release|Any CPU.ActiveCfg = Release|Any CPU
		{909F34A4-2558-57EC-02CF-E6B18B90A3FB}.Release|Any CPU.Build.0 = Release|Any CPU
		{8AAA5AFC-2400-F010-B6F0-5F47FC201BF2}.Debug|Any CPU.ActiveCfg = Debug|Any CPU
		{8AAA5AFC-2400-F010-B6F0-5F47FC201BF2}.Debug|Any CPU.Build.0 = Debug|Any CPU
		{8AAA5AFC-2400-F010-B6F0-5F47FC201BF2}.Release|Any CPU.ActiveCfg = Release|Any CPU
		{8AAA5AFC-2400-F010-B6F0-5F47FC201BF2}.Release|Any CPU.Build.0 = Release|Any CPU
		{0DB2B9EF-8E99-4A0A-9C35-7FFA02598277}.Debug|Any CPU.ActiveCfg = Debug|Any CPU
		{0DB2B9EF-8E99-4A0A-9C35-7FFA02598277}.Debug|Any CPU.Build.0 = Debug|Any CPU
		{0DB2B9EF-8E99-4A0A-9C35-7FFA02598277}.Release|Any CPU.ActiveCfg = Release|Any CPU
		{0DB2B9EF-8E99-4A0A-9C35-7FFA02598277}.Release|Any CPU.Build.0 = Release|Any CPU
		{8067A073-03A0-6938-75F2-8A02D9D928A3}.Debug|Any CPU.ActiveCfg = Debug|Any CPU
		{8067A073-03A0-6938-75F2-8A02D9D928A3}.Debug|Any CPU.Build.0 = Debug|Any CPU
		{8067A073-03A0-6938-75F2-8A02D9D928A3}.Release|Any CPU.ActiveCfg = Release|Any CPU
		{8067A073-03A0-6938-75F2-8A02D9D928A3}.Release|Any CPU.Build.0 = Release|Any CPU
		{B9EB711B-D99A-398F-63E3-AFE18D66C46E}.Debug|Any CPU.ActiveCfg = Debug|Any CPU
		{B9EB711B-D99A-398F-63E3-AFE18D66C46E}.Debug|Any CPU.Build.0 = Debug|Any CPU
		{B9EB711B-D99A-398F-63E3-AFE18D66C46E}.Release|Any CPU.ActiveCfg = Release|Any CPU
		{B9EB711B-D99A-398F-63E3-AFE18D66C46E}.Release|Any CPU.Build.0 = Release|Any CPU
		{C7DBABAE-A6B0-E643-65F9-9FCE588BAE15}.Debug|Any CPU.ActiveCfg = Debug|Any CPU
		{C7DBABAE-A6B0-E643-65F9-9FCE588BAE15}.Debug|Any CPU.Build.0 = Debug|Any CPU
		{C7DBABAE-A6B0-E643-65F9-9FCE588BAE15}.Release|Any CPU.ActiveCfg = Release|Any CPU
		{C7DBABAE-A6B0-E643-65F9-9FCE588BAE15}.Release|Any CPU.Build.0 = Release|Any CPU
		{1E5A84A7-E1EB-3BBE-29E1-19D76393CE89}.Debug|Any CPU.ActiveCfg = Debug|Any CPU
		{1E5A84A7-E1EB-3BBE-29E1-19D76393CE89}.Debug|Any CPU.Build.0 = Debug|Any CPU
		{1E5A84A7-E1EB-3BBE-29E1-19D76393CE89}.Release|Any CPU.ActiveCfg = Release|Any CPU
		{1E5A84A7-E1EB-3BBE-29E1-19D76393CE89}.Release|Any CPU.Build.0 = Release|Any CPU
		{DFE05F92-44BA-B78B-FCC6-CA2078D77C14}.Debug|Any CPU.ActiveCfg = Debug|Any CPU
		{DFE05F92-44BA-B78B-FCC6-CA2078D77C14}.Debug|Any CPU.Build.0 = Debug|Any CPU
		{DFE05F92-44BA-B78B-FCC6-CA2078D77C14}.Release|Any CPU.ActiveCfg = Release|Any CPU
		{DFE05F92-44BA-B78B-FCC6-CA2078D77C14}.Release|Any CPU.Build.0 = Release|Any CPU
		{2212ABF6-EE71-C482-58DA-7A93657DE233}.Debug|Any CPU.ActiveCfg = Debug|Any CPU
		{2212ABF6-EE71-C482-58DA-7A93657DE233}.Debug|Any CPU.Build.0 = Debug|Any CPU
		{2212ABF6-EE71-C482-58DA-7A93657DE233}.Release|Any CPU.ActiveCfg = Release|Any CPU
		{2212ABF6-EE71-C482-58DA-7A93657DE233}.Release|Any CPU.Build.0 = Release|Any CPU
		{45296A21-7309-4002-9ED8-8669E3318F0F}.Debug|Any CPU.ActiveCfg = Debug|Any CPU
		{45296A21-7309-4002-9ED8-8669E3318F0F}.Debug|Any CPU.Build.0 = Debug|Any CPU
		{45296A21-7309-4002-9ED8-8669E3318F0F}.Release|Any CPU.ActiveCfg = Release|Any CPU
		{45296A21-7309-4002-9ED8-8669E3318F0F}.Release|Any CPU.Build.0 = Release|Any CPU
		{0F01A33A-B06E-2390-161F-353E2ACA6B97}.Debug|Any CPU.ActiveCfg = Debug|Any CPU
		{0F01A33A-B06E-2390-161F-353E2ACA6B97}.Debug|Any CPU.Build.0 = Debug|Any CPU
		{0F01A33A-B06E-2390-161F-353E2ACA6B97}.Release|Any CPU.ActiveCfg = Release|Any CPU
		{0F01A33A-B06E-2390-161F-353E2ACA6B97}.Release|Any CPU.Build.0 = Release|Any CPU
	EndGlobalSection
	GlobalSection(SolutionProperties) = preSolution
		HideSolutionNode = FALSE
	EndGlobalSection
EndGlobal
